
Microsoft Visual Studio Solution File, Format Version 12.00
# Visual Studio Version 17
VisualStudioVersion = 17.6.33801.468
MinimumVisualStudioVersion = 10.0.40219.1
Project("{FAE04EC0-301F-11D3-BF4B-00C04F79EFBC}") = "StatsWinApp", "StatsWinApp.csproj", "{940F12B0-F38C-4094-BD80-8F0A83BDFF3A}"
EndProject
Project("{FAE04EC0-301F-11D3-BF4B-00C04F79EFBC}") = "StatsDLL", "..\StatsDLL\StatsDLL.csproj", "{263051B2-2C58-4B18-8976-19AF9C24EED6}"
EndProject
Global
	GlobalSection(SolutionConfigurationPlatforms) = preSolution
		Debug|Any CPU = Debug|Any CPU
		Release|Any CPU = Release|Any CPU
	EndGlobalSection
	GlobalSection(ProjectConfigurationPlatforms) = postSolution
		{940F12B0-F38C-4094-BD80-8F0A83BDFF3A}.Debug|Any CPU.ActiveCfg = Debug|Any CPU
		{940F12B0-F38C-4094-BD80-8F0A83BDFF3A}.Debug|Any CPU.Build.0 = Debug|Any CPU
		{940F12B0-F38C-4094-BD80-8F0A83BDFF3A}.Release|Any CPU.ActiveCfg = Release|Any CPU
		{940F12B0-F38C-4094-BD80-8F0A83BDFF3A}.Release|Any CPU.Build.0 = Release|Any CPU
		{263051B2-2C58-4B18-8976-19AF9C24EED6}.Debug|Any CPU.ActiveCfg = Debug|Any CPU
		{263051B2-2C58-4B18-8976-19AF9C24EED6}.Debug|Any CPU.Build.0 = Debug|Any CPU
		{263051B2-2C58-4B18-8976-19AF9C24EED6}.Release|Any CPU.ActiveCfg = Release|Any CPU
		{263051B2-2C58-4B18-8976-19AF9C24EED6}.Release|Any CPU.Build.0 = Release|Any CPU
	EndGlobalSection
	GlobalSection(SolutionProperties) = preSolution
		HideSolutionNode = FALSE
	EndGlobalSection
	GlobalSection(ExtensibilityGlobals) = postSolution
		SolutionGuid = {42674DA0-8D05-4531-A048-7A78DDC2DEA7}
	EndGlobalSection
EndGlobal
